# THIS IS AN AUTOGENERATED FILE. DO NOT EDIT THIS FILE DIRECTLY.
# yarn lockfile v1


lodash@^4.11.2, lodash@^4.17.2:
  version "4.17.2"
  resolved "https://registry.yarnpkg.com/lodash/-/lodash-4.17.2.tgz#34a3055babe04ce42467b607d700072c7ff6bf42"

normalizr@^2.2.1:
  version "2.2.1"
  resolved "https://registry.yarnpkg.com/normalizr/-/normalizr-2.2.1.tgz#d4e5217b30d2a1a5b918bf3466ff0f8914507be5"
  dependencies:
    lodash "^4.11.2"
