# THIS IS AN AUTOGENERATED FILE. DO NOT EDIT THIS FILE DIRECTLY.
# yarn lockfile v1


"@reactivex/rxjs@^5.0.1":
  version "5.0.1"
  resolved "@reactivex-rxjs-5.0.1.tgz#faed3a2a4c5876dd6f383bec42d3e021d4d682a4"
  dependencies:
    symbol-observable "^1.0.1"

assertion-error@^1.0.1:
  version "1.0.2"
  resolved assertion-error-1.0.2.tgz#13ca515d86206da0bac66e834dd397d87581094c

axios@^0.15.3:
  version "0.15.3"
  resolved axios-0.15.3.tgz#2c9d638b2e191a08ea1d6cc988eadd6ba5bdc053
  dependencies:
    follow-redirects "1.0.0"

balanced-match@^0.4.1:
  version "0.4.2"
  resolved balanced-match-0.4.2.tgz#cb3f3e3c732dc0f01ee70b403f302e61d7709838

brace-expansion@^1.0.0:
  version "1.1.6"
  resolved brace-expansion-1.1.6.tgz#7197d7eaa9b87e648390ea61fc66c84427420df9
  dependencies:
    balanced-match "^0.4.1"
    concat-map "0.0.1"

browser-stdout@1.3.0:
  version "1.3.0"
  resolved browser-stdout-1.3.0.tgz#f351d32969d32fa5d7a5567154263d928ae3bd1f

"chai@>=1.9.2 <4.0.0":
  version "3.5.0"
  resolved chai-3.5.0.tgz#4d02637b067fe958bdbfdd3a40ec56fef7373247
  dependencies:
    assertion-error "^1.0.1"
    deep-eql "^0.1.3"
    type-detect "^1.0.0"

commander@2.9.0:
  version "2.9.0"
  resolved commander-2.9.0.tgz#9c99094176e12240cb22d6c5146098400fe0f7d4
  dependencies:
    graceful-readlink ">= 1.0.0"

concat-map@0.0.1:
  version "0.0.1"
  resolved concat-map-0.0.1.tgz#d8a96bd77fd68df7793a73036a3ba0d5405d477b

debug@2.2.0, debug@^2.2.0:
  version "2.2.0"
  resolved debug-2.2.0.tgz#f87057e995b1a1f6ae6a4960664137bc56f039da
  dependencies:
    ms "0.7.1"

deep-eql@^0.1.3:
  version "0.1.3"
  resolved deep-eql-0.1.3.tgz#ef558acab8de25206cd713906d74e56930eb69f2
  dependencies:
    type-detect "0.1.1"

deep-equal@^1.0.0:
  version "1.0.1"
  resolved deep-equal-1.0.1.tgz#f5d260292b660e084eff4cdbc9f08ad3247448b5

define-properties@^1.1.2, define-properties@~1.1.2:
  version "1.1.2"
  resolved define-properties-1.1.2.tgz#83a73f2fea569898fb737193c8f873caf6d45c94
  dependencies:
    foreach "^2.0.5"
    object-keys "^1.0.8"

diff@1.4.0:
  version "1.4.0"
  resolved diff-1.4.0.tgz#7f28d2eb9ee7b15a97efd89ce63dcfdaa3ccbabf

es-abstract@^1.6.1:
  version "1.6.1"
  resolved es-abstract-1.6.1.tgz#bb8a2064120abcf928a086ea3d9043114285ec99
  dependencies:
    es-to-primitive "^1.1.1"
    function-bind "^1.1.0"
    is-callable "^1.1.3"
    is-regex "^1.0.3"

es-to-primitive@^1.1.1:
  version "1.1.1"
  resolved es-to-primitive-1.1.1.tgz#45355248a88979034b6792e19bb81f2b7975dd0d
  dependencies:
    is-callable "^1.1.1"
    is-date-object "^1.0.1"
    is-symbol "^1.0.1"

escape-string-regexp@1.0.5:
  version "1.0.5"
  resolved escape-string-regexp-1.0.5.tgz#1b61c0562190a8dff6ae3bb2cf0200ca130b86d4

expect@^1.20.2:
  version "1.20.2"
  resolved expect-1.20.2.tgz#d458fe4c56004036bae3232416a3f6361f04f965
  dependencies:
    define-properties "~1.1.2"
    has "^1.0.1"
    is-equal "^1.5.1"
    is-regex "^1.0.3"
    object-inspect "^1.1.0"
    object-keys "^1.0.9"
    tmatch "^2.0.1"

follow-redirects@1.0.0:
  version "1.0.0"
  resolved follow-redirects-1.0.0.tgz#8e34298cbd2e176f254effec75a1c78cc849fd37
  dependencies:
    debug "^2.2.0"

foreach@^2.0.5:
  version "2.0.5"
  resolved foreach-2.0.5.tgz#0bee005018aeb260d0a3af3ae658dd0136ec1b99

fs.realpath@^1.0.0:
  version "1.0.0"
  resolved fs.realpath-1.0.0.tgz#1504ad2523158caa40db4a2787cb01411994ea4f

function-bind@^1.0.2, function-bind@^1.1.0:
  version "1.1.0"
  resolved function-bind-1.1.0.tgz#16176714c801798e4e8f2cf7f7529467bb4a5771

glob@7.0.5:
  version "7.0.5"
  resolved glob-7.0.5.tgz#b4202a69099bbb4d292a7c1b95b6682b67ebdc95
  dependencies:
    fs.realpath "^1.0.0"
    inflight "^1.0.4"
    inherits "2"
    minimatch "^3.0.2"
    once "^1.3.0"
    path-is-absolute "^1.0.0"

"graceful-readlink@>= 1.0.0":
  version "1.0.1"
  resolved graceful-readlink-1.0.1.tgz#4cafad76bc62f02fa039b2f94e9a3dd3a391a725

growl@1.9.2:
  version "1.9.2"
  resolved growl-1.9.2.tgz#0ea7743715db8d8de2c5ede1775e1b45ac85c02f

has-flag@^1.0.0:
  version "1.0.0"
  resolved has-flag-1.0.0.tgz#9d9e793165ce017a00f00418c43f942a7b1d11fa

has@^1.0.1:
  version "1.0.1"
  resolved has-1.0.1.tgz#8461733f538b0837c9361e39a9ab9e9704dc2f28
  dependencies:
    function-bind "^1.0.2"

inflight@^1.0.4:
  version "1.0.6"
  resolved inflight-1.0.6.tgz#49bd6331d7d02d0c09bc910a1075ba8165b56df9
  dependencies:
    once "^1.3.0"
    wrappy "1"

inherits@2:
  version "2.0.3"
  resolved inherits-2.0.3.tgz#633c2c83e3da42a502f52466022480f4208261de

is-arrow-function@^2.0.3:
  version "2.0.3"
  resolved is-arrow-function-2.0.3.tgz#29be2c2d8d9450852b8bbafb635ba7b8d8e87ec2
  dependencies:
    is-callable "^1.0.4"

is-boolean-object@^1.0.0:
  version "1.0.0"
  resolved is-boolean-object-1.0.0.tgz#98f8b28030684219a95f375cfbd88ce3405dff93

is-callable@^1.0.4, is-callable@^1.1.1, is-callable@^1.1.3:
  version "1.1.3"
  resolved is-callable-1.1.3.tgz#86eb75392805ddc33af71c92a0eedf74ee7604b2

is-date-object@^1.0.1:
  version "1.0.1"
  resolved is-date-object-1.0.1.tgz#9aa20eb6aeebbff77fbd33e74ca01b33581d3a16

is-equal@^1.5.1:
  version "1.5.3"
  resolved is-equal-1.5.3.tgz#05b7fa3a1122cbc71c1ef41ce0142d5532013b29
  dependencies:
    has "^1.0.1"
    is-arrow-function "^2.0.3"
    is-boolean-object "^1.0.0"
    is-callable "^1.1.3"
    is-date-object "^1.0.1"
    is-generator-function "^1.0.3"
    is-number-object "^1.0.3"
    is-regex "^1.0.3"
    is-string "^1.0.4"
    is-symbol "^1.0.1"
    object.entries "^1.0.3"

is-generator-function@^1.0.3:
  version "1.0.6"
  resolved is-generator-function-1.0.6.tgz#9e71653cd15fff341c79c4151460a131d31e9fc4

is-number-object@^1.0.3:
  version "1.0.3"
  resolved is-number-object-1.0.3.tgz#f265ab89a9f445034ef6aff15a8f00b00f551799

is-regex@^1.0.3:
  version "1.0.3"
  resolved is-regex-1.0.3.tgz#0d55182bddf9f2fde278220aec3a75642c908637

is-string@^1.0.4:
  version "1.0.4"
  resolved is-string-1.0.4.tgz#cc3a9b69857d621e963725a24caeec873b826e64

is-symbol@^1.0.1:
  version "1.0.1"
  resolved is-symbol-1.0.1.tgz#3cc59f00025194b6ab2e38dbae6689256b660572

js-tokens@^2.0.0:
  version "2.0.0"
  resolved js-tokens-2.0.0.tgz#79903f5563ee778cc1162e6dcf1a0027c97f9cb5

json-stringify-safe@^5.0.1:
  version "5.0.1"
  resolved json-stringify-safe-5.0.1.tgz#1296a2d58fd45f19a0f6ce01d65701e2c735b6eb

json3@3.3.2:
  version "3.3.2"
  resolved json3-3.3.2.tgz#3c0434743df93e2f5c42aee7b19bcb483575f4e1

lodash-es@^4.2.1:
  version "4.17.2"
  resolved lodash-es-4.17.2.tgz#59011b585166e613eb9dd5fc256b2cd1a30f3712

lodash._baseassign@^3.0.0:
  version "3.2.0"
  resolved lodash._baseassign-3.2.0.tgz#8c38a099500f215ad09e59f1722fd0c52bfe0a4e
  dependencies:
    lodash._basecopy "^3.0.0"
    lodash.keys "^3.0.0"

lodash._basecopy@^3.0.0:
  version "3.0.1"
  resolved lodash._basecopy-3.0.1.tgz#8da0e6a876cf344c0ad8a54882111dd3c5c7ca36

lodash._basecreate@^3.0.0:
  version "3.0.3"
  resolved lodash._basecreate-3.0.3.tgz#1bc661614daa7fc311b7d03bf16806a0213cf821

lodash._getnative@^3.0.0:
  version "3.9.1"
  resolved lodash._getnative-3.9.1.tgz#570bc7dede46d61cdcde687d65d3eecbaa3aaff5

lodash._isiterateecall@^3.0.0:
  version "3.0.9"
  resolved lodash._isiterateecall-3.0.9.tgz#5203ad7ba425fae842460e696db9cf3e6aac057c

lodash.create@3.1.1:
  version "3.1.1"
  resolved lodash.create-3.1.1.tgz#d7f2849f0dbda7e04682bb8cd72ab022461debe7
  dependencies:
    lodash._baseassign "^3.0.0"
    lodash._basecreate "^3.0.0"
    lodash._isiterateecall "^3.0.0"

lodash.isarguments@^3.0.0:
  version "3.1.0"
  resolved lodash.isarguments-3.1.0.tgz#2f573d85c6a24289ff00663b491c1d338ff3458a

lodash.isarray@^3.0.0:
  version "3.0.4"
  resolved lodash.isarray-3.0.4.tgz#79e4eb88c36a8122af86f844aa9bcd851b5fbb55

lodash.keys@^3.0.0:
  version "3.1.2"
  resolved lodash.keys-3.1.2.tgz#4dbc0472b156be50a0b286855d1bd0b0c656098a
  dependencies:
    lodash._getnative "^3.0.0"
    lodash.isarguments "^3.0.0"
    lodash.isarray "^3.0.0"

lodash@^4.2.1, lodash@~4.9.0:
  version "4.9.0"
  resolved lodash-4.9.0.tgz#4c20d742f03ce85dc700e0dd7ab9bcab85e6fc14

loose-envify@^1.1.0:
  version "1.3.0"
  resolved loose-envify-1.3.0.tgz#6b26248c42f6d4fa4b0d8542f78edfcde35642a8
  dependencies:
    js-tokens "^2.0.0"

minimatch@^3.0.2:
  version "3.0.3"
  resolved minimatch-3.0.3.tgz#2a4e4090b96b2db06a9d7df01055a62a77c9b774
  dependencies:
    brace-expansion "^1.0.0"

minimist@0.0.8:
  version "0.0.8"
  resolved minimist-0.0.8.tgz#857fcabfc3397d2625b8228262e86aa7a011b05d

mkdirp@0.5.1, mkdirp@^0.5.0:
  version "0.5.1"
  resolved mkdirp-0.5.1.tgz#30057438eac6cf7f8c4767f38648d6697d75c903
  dependencies:
    minimist "0.0.8"

mocha@^3.2.0:
  version "3.2.0"
  resolved mocha-3.2.0.tgz#7dc4f45e5088075171a68896814e6ae9eb7a85e3
  dependencies:
    browser-stdout "1.3.0"
    commander "2.9.0"
    debug "2.2.0"
    diff "1.4.0"
    escape-string-regexp "1.0.5"
    glob "7.0.5"
    growl "1.9.2"
    json3 "3.3.2"
    lodash.create "3.1.1"
    mkdirp "0.5.1"
    supports-color "3.1.2"

ms@0.7.1:
  version "0.7.1"
  resolved ms-0.7.1.tgz#9cd13c03adbff25b65effde7ce864ee952017098

nock@^9.0.2:
  version "9.0.2"
  resolved nock-9.0.2.tgz#f6a5f4a8d560d61f48b5ad428ccff8dc9b62701e
  dependencies:
    chai ">=1.9.2 <4.0.0"
    debug "^2.2.0"
    deep-equal "^1.0.0"
    json-stringify-safe "^5.0.1"
    lodash "~4.9.0"
    mkdirp "^0.5.0"
    propagate "0.4.0"
    qs "^6.0.2"

object-inspect@^1.1.0:
  version "1.2.1"
  resolved object-inspect-1.2.1.tgz#3b62226eb8f6d441751c7d8f22a20ff80ac9dc3f

object-keys@^1.0.8, object-keys@^1.0.9:
  version "1.0.11"
  resolved object-keys-1.0.11.tgz#c54601778ad560f1142ce0e01bcca8b56d13426d

object.entries@^1.0.3:
  version "1.0.4"
  resolved object.entries-1.0.4.tgz#1bf9a4dd2288f5b33f3a993d257661f05d161a5f
  dependencies:
    define-properties "^1.1.2"
    es-abstract "^1.6.1"
    function-bind "^1.1.0"
    has "^1.0.1"

once@^1.3.0:
  version "1.4.0"
  resolved once-1.4.0.tgz#583b1aa775961d4b113ac17d9c50baef9dd76bd1
  dependencies:
    wrappy "1"

path-is-absolute@^1.0.0:
  version "1.0.1"
  resolved path-is-absolute-1.0.1.tgz#174b9268735534ffbc7ace6bf53a5a9e1b5c5f5f

propagate@0.4.0:
  version "0.4.0"
  resolved propagate-0.4.0.tgz#f3fcca0a6fe06736a7ba572966069617c130b481

qs@^6.0.2:
  version "6.3.0"
  resolved qs-6.3.0.tgz#f403b264f23bc01228c74131b407f18d5ea5d442

redux-mock-store@^1.2.1:
  version "1.2.1"
  resolved redux-mock-store-1.2.1.tgz#630c0e2642927d1417c844d935266b501f2fc231

redux-observable@^0.12.2:
  version "0.12.2"
  resolved redux-observable-0.12.2.tgz#4bc1657c7eedace577e114b74ffe6f6fb2b36ccf

redux@^3.6.0:
  version "3.6.0"
  resolved redux-3.6.0.tgz#887c2b3d0b9bd86eca2be70571c27654c19e188d
  dependencies:
    lodash "^4.2.1"
    lodash-es "^4.2.1"
    loose-envify "^1.1.0"
    symbol-observable "^1.0.2"

rxjs@^5.0.1:
  version "5.0.1"
  resolved rxjs-5.0.1.tgz#3a69bdf9f0ca0a986303370d4708f72bdfac8356
  dependencies:
    symbol-observable "^1.0.1"

supports-color@3.1.2:
  version "3.1.2"
  resolved supports-color-3.1.2.tgz#72a262894d9d408b956ca05ff37b2ed8a6e2a2d5
  dependencies:
    has-flag "^1.0.0"

symbol-observable@^1.0.1, symbol-observable@^1.0.2:
  version "1.0.4"
  resolved symbol-observable-1.0.4.tgz#29bf615d4aa7121bdd898b22d4b3f9bc4e2aa03d

tmatch@^2.0.1:
  version "2.0.1"
  resolved tmatch-2.0.1.tgz#0c56246f33f30da1b8d3d72895abaf16660f38cf

type-detect@0.1.1:
  version "0.1.1"
  resolved type-detect-0.1.1.tgz#0ba5ec2a885640e470ea4e8505971900dac58822

type-detect@^1.0.0:
  version "1.0.0"
  resolved type-detect-1.0.0.tgz#762217cc06db258ec48908a1298e8b95121e8ea2

wrappy@1:
  version "1.0.2"
  resolved wrappy-1.0.2.tgz#b5243d8f3ec1aa35f1364605bc0d1036e30ab69f
